
Microsoft Visual Studio Solution File, Format Version 12.00
# Visual Studio Version 16
VisualStudioVersion = 16.0.30320.27
MinimumVisualStudioVersion = 10.0.40219.1
Project("{FAE04EC0-301F-11D3-BF4B-00C04F79EFBC}") = "BetaMart", "BetaMart\BetaMart.csproj", "{2EAA9A19-5687-422C-AAD2-6918E30077E2}"
EndProject
Global
	GlobalSection(SolutionConfigurationPlatforms) = preSolution
		Debug|Any CPU = Debug|Any CPU
		Release|Any CPU = Release|Any CPU
	EndGlobalSection
	GlobalSection(ProjectConfigurationPlatforms) = postSolution
		{2EAA9A19-5687-422C-AAD2-6918E30077E2}.Debug|Any CPU.ActiveCfg = Debug|Any CPU
		{2EAA9A19-5687-422C-AAD2-6918E30077E2}.Debug|Any CPU.Build.0 = Debug|Any CPU
		{2EAA9A19-5687-422C-AAD2-6918E30077E2}.Release|Any CPU.ActiveCfg = Release|Any CPU
		{2EAA9A19-5687-422C-AAD2-6918E30077E2}.Release|Any CPU.Build.0 = Release|Any CPU
	EndGlobalSection
	GlobalSection(SolutionProperties) = preSolution
		HideSolutionNode = FALSE
	EndGlobalSection
	GlobalSection(ExtensibilityGlobals) = postSolution
		SolutionGuid = {73F41348-CBD0-41F5-BB0D-EF37C1CB49FC}
	EndGlobalSection
EndGlobal
